
Microsoft Visual Studio Solution File, Format Version 12.00
# Visual Studio Version 16
VisualStudioVersion = 25.0.1706.12
MinimumVisualStudioVersion = 10.0.40219.1
Project("{FAE04EC0-301F-11D3-BF4B-00C04F79EFBC}") = "GymBackend.API", "GymBackend.API\GymBackend.API.csproj", "{3A61DB76-910D-4B91-8053-3122E3896775}"
EndProject
Project("{FAE04EC0-301F-11D3-BF4B-00C04F79EFBC}") = "GymBackend.Application", "GymBackend.Application\GymBackend.Application.csproj", "{17F6705E-1045-413D-9AE3-9CFC38E538B9}"
EndProject
Project("{FAE04EC0-301F-11D3-BF4B-00C04F79EFBC}") = "GymBackend.Core", "GymBackend.Core\GymBackend.Core.csproj", "{5508AF55-77A0-46BA-A6F2-F5693856127A}"
EndProject
Project("{FAE04EC0-301F-11D3-BF4B-00C04F79EFBC}") = "GymBackend.DataAccess", "GymBackend.DataAccess\GymBackend.DataAccess.csproj", "{E7A02679-ADEF-4EC2-8AB3-782C1F47A2E0}"
EndProject
Global
	GlobalSection(SolutionConfigurationPlatforms) = preSolution
		Debug|Any CPU = Debug|Any CPU
		Release|Any CPU = Release|Any CPU
	EndGlobalSection
	GlobalSection(ProjectConfigurationPlatforms) = postSolution
		{3A61DB76-910D-4B91-8053-3122E3896775}.Debug|Any CPU.ActiveCfg = Debug|Any CPU
		{3A61DB76-910D-4B91-8053-3122E3896775}.Debug|Any CPU.Build.0 = Debug|Any CPU
		{3A61DB76-910D-4B91-8053-3122E3896775}.Release|Any CPU.ActiveCfg = Release|Any CPU
		{3A61DB76-910D-4B91-8053-3122E3896775}.Release|Any CPU.Build.0 = Release|Any CPU
		{17F6705E-1045-413D-9AE3-9CFC38E538B9}.Debug|Any CPU.ActiveCfg = Debug|Any CPU
		{17F6705E-1045-413D-9AE3-9CFC38E538B9}.Debug|Any CPU.Build.0 = Debug|Any CPU
		{17F6705E-1045-413D-9AE3-9CFC38E538B9}.Release|Any CPU.ActiveCfg = Release|Any CPU
		{17F6705E-1045-413D-9AE3-9CFC38E538B9}.Release|Any CPU.Build.0 = Release|Any CPU
		{5508AF55-77A0-46BA-A6F2-F5693856127A}.Debug|Any CPU.ActiveCfg = Debug|Any CPU
		{5508AF55-77A0-46BA-A6F2-F5693856127A}.Debug|Any CPU.Build.0 = Debug|Any CPU
		{5508AF55-77A0-46BA-A6F2-F5693856127A}.Release|Any CPU.ActiveCfg = Release|Any CPU
		{5508AF55-77A0-46BA-A6F2-F5693856127A}.Release|Any CPU.Build.0 = Release|Any CPU
		{E7A02679-ADEF-4EC2-8AB3-782C1F47A2E0}.Debug|Any CPU.ActiveCfg = Debug|Any CPU
		{E7A02679-ADEF-4EC2-8AB3-782C1F47A2E0}.Debug|Any CPU.Build.0 = Debug|Any CPU
		{E7A02679-ADEF-4EC2-8AB3-782C1F47A2E0}.Release|Any CPU.ActiveCfg = Release|Any CPU
		{E7A02679-ADEF-4EC2-8AB3-782C1F47A2E0}.Release|Any CPU.Build.0 = Release|Any CPU
	EndGlobalSection
	GlobalSection(SolutionProperties) = preSolution
		HideSolutionNode = FALSE
	EndGlobalSection
	GlobalSection(ExtensibilityGlobals) = postSolution
		SolutionGuid = {E7931A28-3D8F-4A18-B268-AD7F646C4F2C}
	EndGlobalSection
EndGlobal
